
Microsoft Visual Studio Solution File, Format Version 12.00
# Visual Studio Version 16
VisualStudioVersion = 16.0.29613.14
MinimumVisualStudioVersion = 10.0.40219.1
Project("{FAE04EC0-301F-11D3-BF4B-00C04F79EFBC}") = "ConsoleApp1", "ConsoleApp1\ConsoleApp1.csproj", "{2F96EC12-273C-42CB-AD12-97658082985F}"
EndProject
Project("{FAE04EC0-301F-11D3-BF4B-00C04F79EFBC}") = "Project1", "Project1\Project1.csproj", "{6B6E3FA7-B791-4E61-9A03-B7D85260A6E6}"
EndProject
Project("{FAE04EC0-301F-11D3-BF4B-00C04F79EFBC}") = "Project2", "Project2\Project2.csproj", "{F819E837-7073-4CAC-A523-E75CFEE91E37}"
EndProject
Global
	GlobalSection(SolutionConfigurationPlatforms) = preSolution
		Debug|Any CPU = Debug|Any CPU
		Release|Any CPU = Release|Any CPU
	EndGlobalSection
	GlobalSection(ProjectConfigurationPlatforms) = postSolution
		{2F96EC12-273C-42CB-AD12-97658082985F}.Debug|Any CPU.ActiveCfg = Debug|Any CPU
		{2F96EC12-273C-42CB-AD12-97658082985F}.Debug|Any CPU.Build.0 = Debug|Any CPU
		{2F96EC12-273C-42CB-AD12-97658082985F}.Release|Any CPU.ActiveCfg = Release|Any CPU
		{2F96EC12-273C-42CB-AD12-97658082985F}.Release|Any CPU.Build.0 = Release|Any CPU
		{6B6E3FA7-B791-4E61-9A03-B7D85260A6E6}.Debug|Any CPU.ActiveCfg = Debug|Any CPU
		{6B6E3FA7-B791-4E61-9A03-B7D85260A6E6}.Debug|Any CPU.Build.0 = Debug|Any CPU
		{6B6E3FA7-B791-4E61-9A03-B7D85260A6E6}.Release|Any CPU.ActiveCfg = Release|Any CPU
		{6B6E3FA7-B791-4E61-9A03-B7D85260A6E6}.Release|Any CPU.Build.0 = Release|Any CPU
		{F819E837-7073-4CAC-A523-E75CFEE91E37}.Debug|Any CPU.ActiveCfg = Debug|Any CPU
		{F819E837-7073-4CAC-A523-E75CFEE91E37}.Debug|Any CPU.Build.0 = Debug|Any CPU
		{F819E837-7073-4CAC-A523-E75CFEE91E37}.Release|Any CPU.ActiveCfg = Release|Any CPU
		{F819E837-7073-4CAC-A523-E75CFEE91E37}.Release|Any CPU.Build.0 = Release|Any CPU
	EndGlobalSection
	GlobalSection(SolutionProperties) = preSolution
		HideSolutionNode = FALSE
	EndGlobalSection
	GlobalSection(ExtensibilityGlobals) = postSolution
		SolutionGuid = {1FE992F3-B48E-4F6E-8459-451A7648A476}
	EndGlobalSection
EndGlobal
